// !$*UTF8*$!
{
	archiveVersion = 1;
	classes = {
	};
	objectVersion = 46;
	objects = {

/* Begin PBXBuildFile section */
		10A56C74DD37E0EFA57FCE97 /* Pods_TwitterDemo.framework in Frameworks */ = {isa = PBXBuildFile; fileRef = F7D0C4CB620E3E6FD3C5B498 /* Pods_TwitterDemo.framework */; };
		CA1C358E1F4A53A300CC053C /* UserHeaderFooter.swift in Sources */ = {isa = PBXBuildFile; fileRef = CA1C358D1F4A53A300CC053C /* UserHeaderFooter.swift */; };
		CA1C35901F4A543800CC053C /* HomeDatasource.swift in Sources */ = {isa = PBXBuildFile; fileRef = CA1C358F1F4A543800CC053C /* HomeDatasource.swift */; };
		CA1C35921F4A547E00CC053C /* HomeDatasourceController.swift in Sources */ = {isa = PBXBuildFile; fileRef = CA1C35911F4A547E00CC053C /* HomeDatasourceController.swift */; };
		CA9FF06A1F4A397D006A5AD4 /* AppDelegate.swift in Sources */ = {isa = PBXBuildFile; fileRef = CA9FF0691F4A397D006A5AD4 /* AppDelegate.swift */; };
		CA9FF0711F4A397D006A5AD4 /* Assets.xcassets in Resources */ = {isa = PBXBuildFile; fileRef = CA9FF0701F4A397D006A5AD4 /* Assets.xcassets */; };
		CA9FF0741F4A397D006A5AD4 /* LaunchScreen.storyboard in Resources */ = {isa = PBXBuildFile; fileRef = CA9FF0721F4A397D006A5AD4 /* LaunchScreen.storyboard */; };
		CA9FF07C1F4A3AC0006A5AD4 /* HomeController.swift in Sources */ = {isa = PBXBuildFile; fileRef = CA9FF07B1F4A3AC0006A5AD4 /* HomeController.swift */; };
		CAF2ED2A1F4B3E59004A899E /* User.swift in Sources */ = {isa = PBXBuildFile; fileRef = CAF2ED291F4B3E59004A899E /* User.swift */; };
		CAF2ED2C1F4B41D7004A899E /* UserCell.swift in Sources */ = {isa = PBXBuildFile; fileRef = CAF2ED2B1F4B41D7004A899E /* UserCell.swift */; };
		CAF2ED2E1F4B420D004A899E /* Constants.swift in Sources */ = {isa = PBXBuildFile; fileRef = CAF2ED2D1F4B420D004A899E /* Constants.swift */; };
		CAF2ED301F4B7FEC004A899E /* HomeDatasourceController+navbar.swift in Sources */ = {isa = PBXBuildFile; fileRef = CAF2ED2F1F4B7FEC004A899E /* HomeDatasourceController+navbar.swift */; };
/* End PBXBuildFile section */

/* Begin PBXFileReference section */
		645A0C7F5E8AB2EB62093DED /* Pods-TwitterDemo.debug.xcconfig */ = {isa = PBXFileReference; includeInIndex = 1; lastKnownFileType = text.xcconfig; name = "Pods-TwitterDemo.debug.xcconfig"; path = "Pods/Target Support Files/Pods-TwitterDemo/Pods-TwitterDemo.debug.xcconfig"; sourceTree = "<group>"; };
		BB8650DBD1F909FF5D64C94C /* Pods-TwitterDemo.release.xcconfig */ = {isa = PBXFileReference; includeInIndex = 1; lastKnownFileType = text.xcconfig; name = "Pods-TwitterDemo.release.xcconfig"; path = "Pods/Target Support Files/Pods-TwitterDemo/Pods-TwitterDemo.release.xcconfig"; sourceTree = "<group>"; };
		CA1C358D1F4A53A300CC053C /* UserHeaderFooter.swift */ = {isa = PBXFileReference; fileEncoding = 4; lastKnownFileType = sourcecode.swift; name = UserHeaderFooter.swift; path = VIew/UserHeaderFooter.swift; sourceTree = "<group>"; };
		CA1C358F1F4A543800CC053C /* HomeDatasource.swift */ = {isa = PBXFileReference; fileEncoding = 4; lastKnownFileType = sourcecode.swift; name = HomeDatasource.swift; path = Model/HomeDatasource.swift; sourceTree = "<group>"; };
		CA1C35911F4A547E00CC053C /* HomeDatasourceController.swift */ = {isa = PBXFileReference; fileEncoding = 4; lastKnownFileType = sourcecode.swift; name = HomeDatasourceController.swift; path = Controller/HomeDatasourceController.swift; sourceTree = "<group>"; };
		CA9FF0661F4A397D006A5AD4 /* TwitterDemo.app */ = {isa = PBXFileReference; explicitFileType = wrapper.application; includeInIndex = 0; path = TwitterDemo.app; sourceTree = BUILT_PRODUCTS_DIR; };
		CA9FF0691F4A397D006A5AD4 /* AppDelegate.swift */ = {isa = PBXFileReference; lastKnownFileType = sourcecode.swift; path = AppDelegate.swift; sourceTree = "<group>"; };
		CA9FF0701F4A397D006A5AD4 /* Assets.xcassets */ = {isa = PBXFileReference; lastKnownFileType = folder.assetcatalog; path = Assets.xcassets; sourceTree = "<group>"; };
		CA9FF0731F4A397D006A5AD4 /* Base */ = {isa = PBXFileReference; lastKnownFileType = file.storyboard; name = Base; path = Base.lproj/LaunchScreen.storyboard; sourceTree = "<group>"; };
		CA9FF0751F4A397D006A5AD4 /* Info.plist */ = {isa = PBXFileReference; lastKnownFileType = text.plist.xml; path = Info.plist; sourceTree = "<group>"; };
		CA9FF07B1F4A3AC0006A5AD4 /* HomeController.swift */ = {isa = PBXFileReference; fileEncoding = 4; lastKnownFileType = sourcecode.swift; path = HomeController.swift; sourceTree = "<group>"; };
		CAF2ED291F4B3E59004A899E /* User.swift */ = {isa = PBXFileReference; fileEncoding = 4; lastKnownFileType = sourcecode.swift; name = User.swift; path = Model/User.swift; sourceTree = "<group>"; };
		CAF2ED2B1F4B41D7004A899E /* UserCell.swift */ = {isa = PBXFileReference; fileEncoding = 4; lastKnownFileType = sourcecode.swift; name = UserCell.swift; path = VIew/UserCell.swift; sourceTree = "<group>"; };
		CAF2ED2D1F4B420D004A899E /* Constants.swift */ = {isa = PBXFileReference; fileEncoding = 4; lastKnownFileType = sourcecode.swift; path = Constants.swift; sourceTree = "<group>"; };
		CAF2ED2F1F4B7FEC004A899E /* HomeDatasourceController+navbar.swift */ = {isa = PBXFileReference; fileEncoding = 4; lastKnownFileType = sourcecode.swift; name = "HomeDatasourceController+navbar.swift"; path = "Controller/HomeDatasourceController+navbar.swift"; sourceTree = "<group>"; };
		F7D0C4CB620E3E6FD3C5B498 /* Pods_TwitterDemo.framework */ = {isa = PBXFileReference; explicitFileType = wrapper.framework; includeInIndex = 0; path = Pods_TwitterDemo.framework; sourceTree = BUILT_PRODUCTS_DIR; };
/* End PBXFileReference section */

/* Begin PBXFrameworksBuildPhase section */
		CA9FF0631F4A397D006A5AD4 /* Frameworks */ = {
			isa = PBXFrameworksBuildPhase;
			buildActionMask = 2147483647;
			files = (
				10A56C74DD37E0EFA57FCE97 /* Pods_TwitterDemo.framework in Frameworks */,
			);
			runOnlyForDeploymentPostprocessing = 0;
		};
/* End PBXFrameworksBuildPhase section */

/* Begin PBXGroup section */
		B6CF05C402C1499021D6E3DB /* Frameworks */ = {
			isa = PBXGroup;
			children = (
				F7D0C4CB620E3E6FD3C5B498 /* Pods_TwitterDemo.framework */,
			);
			name = Frameworks;
			sourceTree = "<group>";
		};
		CA1C358A1F4A536F00CC053C /* Controller */ = {
			isa = PBXGroup;
			children = (
				CA1C35911F4A547E00CC053C /* HomeDatasourceController.swift */,
				CAF2ED2F1F4B7FEC004A899E /* HomeDatasourceController+navbar.swift */,
			);
			name = Controller;
			sourceTree = "<group>";
		};
		CA1C358B1F4A537700CC053C /* Model */ = {
			isa = PBXGroup;
			children = (
				CA1C358F1F4A543800CC053C /* HomeDatasource.swift */,
				CAF2ED291F4B3E59004A899E /* User.swift */,
			);
			name = Model;
			sourceTree = "<group>";
		};
		CA1C358C1F4A537C00CC053C /* View */ = {
			isa = PBXGroup;
			children = (
				CA1C358D1F4A53A300CC053C /* UserHeaderFooter.swift */,
				CAF2ED2B1F4B41D7004A899E /* UserCell.swift */,
			);
			name = View;
			sourceTree = "<group>";
		};
		CA9FF05D1F4A397D006A5AD4 = {
			isa = PBXGroup;
			children = (
				CA9FF0681F4A397D006A5AD4 /* TwitterDemo */,
				CA9FF0671F4A397D006A5AD4 /* Products */,
				F8ECEC7A71D1EA3F198D5902 /* Pods */,
				B6CF05C402C1499021D6E3DB /* Frameworks */,
			);
			sourceTree = "<group>";
		};
		CA9FF0671F4A397D006A5AD4 /* Products */ = {
			isa = PBXGroup;
			children = (
				CA9FF0661F4A397D006A5AD4 /* TwitterDemo.app */,
			);
			name = Products;
			sourceTree = "<group>";
		};
		CA9FF0681F4A397D006A5AD4 /* TwitterDemo */ = {
			isa = PBXGroup;
			children = (
				CA1C358B1F4A537700CC053C /* Model */,
				CA1C358C1F4A537C00CC053C /* View */,
				CA1C358A1F4A536F00CC053C /* Controller */,
				CA9FF0691F4A397D006A5AD4 /* AppDelegate.swift */,
				CA9FF0701F4A397D006A5AD4 /* Assets.xcassets */,
				CAF2ED2D1F4B420D004A899E /* Constants.swift */,
				CA9FF07B1F4A3AC0006A5AD4 /* HomeController.swift */,
				CA9FF0751F4A397D006A5AD4 /* Info.plist */,
				CA9FF0721F4A397D006A5AD4 /* LaunchScreen.storyboard */,
			);
			path = TwitterDemo;
			sourceTree = "<group>";
		};
		F8ECEC7A71D1EA3F198D5902 /* Pods */ = {
			isa = PBXGroup;
			children = (
				645A0C7F5E8AB2EB62093DED /* Pods-TwitterDemo.debug.xcconfig */,
				BB8650DBD1F909FF5D64C94C /* Pods-TwitterDemo.release.xcconfig */,
			);
			name = Pods;
			sourceTree = "<group>";
		};
/* End PBXGroup section */

/* Begin PBXNativeTarget section */
		CA9FF0651F4A397D006A5AD4 /* TwitterDemo */ = {
			isa = PBXNativeTarget;
			buildConfigurationList = CA9FF0781F4A397D006A5AD4 /* Build configuration list for PBXNativeTarget "TwitterDemo" */;
			buildPhases = (
				829508820A984FFF029B8935 /* [CP] Check Pods Manifest.lock */,
				CA9FF0621F4A397D006A5AD4 /* Sources */,
				CA9FF0631F4A397D006A5AD4 /* Frameworks */,
				CA9FF0641F4A397D006A5AD4 /* Resources */,
				FA8EA03E0963C728D1DDA3D3 /* [CP] Embed Pods Frameworks */,
				94AB59730C781C448E141611 /* [CP] Copy Pods Resources */,
			);
			buildRules = (
			);
			dependencies = (
			);
			name = TwitterDemo;
			productName = TwitterDemo;
			productReference = CA9FF0661F4A397D006A5AD4 /* TwitterDemo.app */;
			productType = "com.apple.product-type.application";
		};
/* End PBXNativeTarget section */

/* Begin PBXProject section */
		CA9FF05E1F4A397D006A5AD4 /* Project object */ = {
			isa = PBXProject;
			attributes = {
				LastSwiftUpdateCheck = 0830;
				LastUpgradeCheck = 0830;
				ORGANIZATIONNAME = "Brandon Hostetter";
				TargetAttributes = {
					CA9FF0651F4A397D006A5AD4 = {
						CreatedOnToolsVersion = 8.3.3;
						ProvisioningStyle = Automatic;
					};
				};
			};
			buildConfigurationList = CA9FF0611F4A397D006A5AD4 /* Build configuration list for PBXProject "TwitterDemo" */;
			compatibilityVersion = "Xcode 3.2";
			developmentRegion = English;
			hasScannedForEncodings = 0;
			knownRegions = (
				en,
				Base,
			);
			mainGroup = CA9FF05D1F4A397D006A5AD4;
			productRefGroup = CA9FF0671F4A397D006A5AD4 /* Products */;
			projectDirPath = "";
			projectRoot = "";
			targets = (
				CA9FF0651F4A397D006A5AD4 /* TwitterDemo */,
			);
		};
/* End PBXProject section */

/* Begin PBXResourcesBuildPhase section */
		CA9FF0641F4A397D006A5AD4 /* Resources */ = {
			isa = PBXResourcesBuildPhase;
			buildActionMask = 2147483647;
			files = (
				CA9FF0741F4A397D006A5AD4 /* LaunchScreen.storyboard in Resources */,
				CA9FF0711F4A397D006A5AD4 /* Assets.xcassets in Resources */,
			);
			runOnlyForDeploymentPostprocessing = 0;
		};
/* End PBXResourcesBuildPhase section */

/* Begin PBXShellScriptBuildPhase section */
		829508820A984FFF029B8935 /* [CP] Check Pods Manifest.lock */ = {
			isa = PBXShellScriptBuildPhase;
			buildActionMask = 2147483647;
			files = (
			);
			inputPaths = (
				"${PODS_PODFILE_DIR_PATH}/Podfile.lock",
				"${PODS_ROOT}/Manifest.lock",
			);
			name = "[CP] Check Pods Manifest.lock";
			outputPaths = (
				"$(DERIVED_FILE_DIR)/Pods-TwitterDemo-checkManifestLockResult.txt",
			);
			runOnlyForDeploymentPostprocessing = 0;
			shellPath = /bin/sh;
			shellScript = "diff \"${PODS_PODFILE_DIR_PATH}/Podfile.lock\" \"${PODS_ROOT}/Manifest.lock\" > /dev/null\nif [ $? != 0 ] ; then\n    # print error to STDERR\n    echo \"error: The sandbox is not in sync with the Podfile.lock. Run 'pod install' or update your CocoaPods installation.\" >&2\n    exit 1\nfi\n# This output is used by Xcode 'outputs' to avoid re-running this script phase.\necho \"SUCCESS\" > \"${SCRIPT_OUTPUT_FILE_0}\"\n";
			showEnvVarsInLog = 0;
		};
		94AB59730C781C448E141611 /* [CP] Copy Pods Resources */ = {
			isa = PBXShellScriptBuildPhase;
			buildActionMask = 2147483647;
			files = (
			);
			inputPaths = (
			);
			name = "[CP] Copy Pods Resources";
			outputPaths = (
			);
			runOnlyForDeploymentPostprocessing = 0;
			shellPath = /bin/sh;
			shellScript = "\"${SRCROOT}/Pods/Target Support Files/Pods-TwitterDemo/Pods-TwitterDemo-resources.sh\"\n";
			showEnvVarsInLog = 0;
		};
		FA8EA03E0963C728D1DDA3D3 /* [CP] Embed Pods Frameworks */ = {
			isa = PBXShellScriptBuildPhase;
			buildActionMask = 2147483647;
			files = (
			);
			inputPaths = (
				"${SRCROOT}/Pods/Target Support Files/Pods-TwitterDemo/Pods-TwitterDemo-frameworks.sh",
				"${BUILT_PRODUCTS_DIR}/LBTAComponents/LBTAComponents.framework",
			);
			name = "[CP] Embed Pods Frameworks";
			outputPaths = (
				"${TARGET_BUILD_DIR}/${FRAMEWORKS_FOLDER_PATH}/LBTAComponents.framework",
			);
			runOnlyForDeploymentPostprocessing = 0;
			shellPath = /bin/sh;
			shellScript = "\"${SRCROOT}/Pods/Target Support Files/Pods-TwitterDemo/Pods-TwitterDemo-frameworks.sh\"\n";
			showEnvVarsInLog = 0;
		};
/* End PBXShellScriptBuildPhase section */

/* Begin PBXSourcesBuildPhase section */
		CA9FF0621F4A397D006A5AD4 /* Sources */ = {
			isa = PBXSourcesBuildPhase;
			buildActionMask = 2147483647;
			files = (
				CAF2ED301F4B7FEC004A899E /* HomeDatasourceController+navbar.swift in Sources */,
				CA1C35901F4A543800CC053C /* HomeDatasource.swift in Sources */,
				CA1C35921F4A547E00CC053C /* HomeDatasourceController.swift in Sources */,
				CAF2ED2A1F4B3E59004A899E /* User.swift in Sources */,
				CA1C358E1F4A53A300CC053C /* UserHeaderFooter.swift in Sources */,
				CA9FF06A1F4A397D006A5AD4 /* AppDelegate.swift in Sources */,
				CA9FF07C1F4A3AC0006A5AD4 /* HomeController.swift in Sources */,
				CAF2ED2C1F4B41D7004A899E /* UserCell.swift in Sources */,
				CAF2ED2E1F4B420D004A899E /* Constants.swift in Sources */,
			);
			runOnlyForDeploymentPostprocessing = 0;
		};
/* End PBXSourcesBuildPhase section */

/* Begin PBXVariantGroup section */
		CA9FF0721F4A397D006A5AD4 /* LaunchScreen.storyboard */ = {
			isa = PBXVariantGroup;
			children = (
				CA9FF0731F4A397D006A5AD4 /* Base */,
			);
			name = LaunchScreen.storyboard;
			sourceTree = "<group>";
		};
/* End PBXVariantGroup section */

/* Begin XCBuildConfiguration section */
		CA9FF0761F4A397D006A5AD4 /* Debug */ = {
			isa = XCBuildConfiguration;
			buildSettings = {
				ALWAYS_SEARCH_USER_PATHS = NO;
				CLANG_ANALYZER_NONNULL = YES;
				CLANG_ANALYZER_NUMBER_OBJECT_CONVERSION = YES_AGGRESSIVE;
				CLANG_CXX_LANGUAGE_STANDARD = "gnu++0x";
				CLANG_CXX_LIBRARY = "libc++";
				CLANG_ENABLE_MODULES = YES;
				CLANG_ENABLE_OBJC_ARC = YES;
				CLANG_WARN_BOOL_CONVERSION = YES;
				CLANG_WARN_CONSTANT_CONVERSION = YES;
				CLANG_WARN_DIRECT_OBJC_ISA_USAGE = YES_ERROR;
				CLANG_WARN_DOCUMENTATION_COMMENTS = YES;
				CLANG_WARN_EMPTY_BODY = YES;
				CLANG_WARN_ENUM_CONVERSION = YES;
				CLANG_WARN_INFINITE_RECURSION = YES;
				CLANG_WARN_INT_CONVERSION = YES;
				CLANG_WARN_OBJC_ROOT_CLASS = YES_ERROR;
				CLANG_WARN_SUSPICIOUS_MOVE = YES;
				CLANG_WARN_UNREACHABLE_CODE = YES;
				CLANG_WARN__DUPLICATE_METHOD_MATCH = YES;
				"CODE_SIGN_IDENTITY[sdk=iphoneos*]" = "iPhone Developer";
				COPY_PHASE_STRIP = NO;
				DEBUG_INFORMATION_FORMAT = dwarf;
				ENABLE_STRICT_OBJC_MSGSEND = YES;
				ENABLE_TESTABILITY = YES;
				GCC_C_LANGUAGE_STANDARD = gnu99;
				GCC_DYNAMIC_NO_PIC = NO;
				GCC_NO_COMMON_BLOCKS = YES;
				GCC_OPTIMIZATION_LEVEL = 0;
				GCC_PREPROCESSOR_DEFINITIONS = (
					"DEBUG=1",
					"$(inherited)",
				);
				GCC_WARN_64_TO_32_BIT_CONVERSION = YES;
				GCC_WARN_ABOUT_RETURN_TYPE = YES_ERROR;
				GCC_WARN_UNDECLARED_SELECTOR = YES;
				GCC_WARN_UNINITIALIZED_AUTOS = YES_AGGRESSIVE;
				GCC_WARN_UNUSED_FUNCTION = YES;
				GCC_WARN_UNUSED_VARIABLE = YES;
				IPHONEOS_DEPLOYMENT_TARGET = 10.3;
				MTL_ENABLE_DEBUG_INFO = YES;
				ONLY_ACTIVE_ARCH = YES;
				SDKROOT = iphoneos;
				SWIFT_ACTIVE_COMPILATION_CONDITIONS = DEBUG;
				SWIFT_OPTIMIZATION_LEVEL = "-Onone";
			};
			name = Debug;
		};
		CA9FF0771F4A397D006A5AD4 /* Release */ = {
			isa = XCBuildConfiguration;
			buildSettings = {
				ALWAYS_SEARCH_USER_PATHS = NO;
				CLANG_ANALYZER_NONNULL = YES;
				CLANG_ANALYZER_NUMBER_OBJECT_CONVERSION = YES_AGGRESSIVE;
				CLANG_CXX_LANGUAGE_STANDARD = "gnu++0x";
				CLANG_CXX_LIBRARY = "libc++";
				CLANG_ENABLE_MODULES = YES;
				CLANG_ENABLE_OBJC_ARC = YES;
				CLANG_WARN_BOOL_CONVERSION = YES;
				CLANG_WARN_CONSTANT_CONVERSION = YES;
				CLANG_WARN_DIRECT_OBJC_ISA_USAGE = YES_ERROR;
				CLANG_WARN_DOCUMENTATION_COMMENTS = YES;
				CLANG_WARN_EMPTY_BODY = YES;
				CLANG_WARN_ENUM_CONVERSION = YES;
				CLANG_WARN_INFINITE_RECURSION = YES;
				CLANG_WARN_INT_CONVERSION = YES;
				CLANG_WARN_OBJC_ROOT_CLASS = YES_ERROR;
				CLANG_WARN_SUSPICIOUS_MOVE = YES;
				CLANG_WARN_UNREACHABLE_CODE = YES;
				CLANG_WARN__DUPLICATE_METHOD_MATCH = YES;
				"CODE_SIGN_IDENTITY[sdk=iphoneos*]" = "iPhone Developer";
				COPY_PHASE_STRIP = NO;
				DEBUG_INFORMATION_FORMAT = "dwarf-with-dsym";
				ENABLE_NS_ASSERTIONS = NO;
				ENABLE_STRICT_OBJC_MSGSEND = YES;
				GCC_C_LANGUAGE_STANDARD = gnu99;
				GCC_NO_COMMON_BLOCKS = YES;
				GCC_WARN_64_TO_32_BIT_CONVERSION = YES;
				GCC_WARN_ABOUT_RETURN_TYPE = YES_ERROR;
				GCC_WARN_UNDECLARED_SELECTOR = YES;
				GCC_WARN_UNINITIALIZED_AUTOS = YES_AGGRESSIVE;
				GCC_WARN_UNUSED_FUNCTION = YES;
				GCC_WARN_UNUSED_VARIABLE = YES;
				IPHONEOS_DEPLOYMENT_TARGET = 10.3;
				MTL_ENABLE_DEBUG_INFO = NO;
				SDKROOT = iphoneos;
				SWIFT_OPTIMIZATION_LEVEL = "-Owholemodule";
				VALIDATE_PRODUCT = YES;
			};
			name = Release;
		};
		CA9FF0791F4A397D006A5AD4 /* Debug */ = {
			isa = XCBuildConfiguration;
			baseConfigurationReference = 645A0C7F5E8AB2EB62093DED /* Pods-TwitterDemo.debug.xcconfig */;
			buildSettings = {
				ASSETCATALOG_COMPILER_APPICON_NAME = AppIcon;
				INFOPLIST_FILE = TwitterDemo/Info.plist;
				LD_RUNPATH_SEARCH_PATHS = "$(inherited) @executable_path/Frameworks";
				PRODUCT_BUNDLE_IDENTIFIER = edu.self.TwitterDemo;
				PRODUCT_NAME = "$(TARGET_NAME)";
				SWIFT_VERSION = 3.0;
				TARGETED_DEVICE_FAMILY = "1,2";
			};
			name = Debug;
		};
		CA9FF07A1F4A397D006A5AD4 /* Release */ = {
			isa = XCBuildConfiguration;
			baseConfigurationReference = BB8650DBD1F909FF5D64C94C /* Pods-TwitterDemo.release.xcconfig */;
			buildSettings = {
				ASSETCATALOG_COMPILER_APPICON_NAME = AppIcon;
				INFOPLIST_FILE = TwitterDemo/Info.plist;
				LD_RUNPATH_SEARCH_PATHS = "$(inherited) @executable_path/Frameworks";
				PRODUCT_BUNDLE_IDENTIFIER = edu.self.TwitterDemo;
				PRODUCT_NAME = "$(TARGET_NAME)";
				SWIFT_VERSION = 3.0;
				TARGETED_DEVICE_FAMILY = "1,2";
			};
			name = Release;
		};
/* End XCBuildConfiguration section */

/* Begin XCConfigurationList section */
		CA9FF0611F4A397D006A5AD4 /* Build configuration list for PBXProject "TwitterDemo" */ = {
			isa = XCConfigurationList;
			buildConfigurations = (
				CA9FF0761F4A397D006A5AD4 /* Debug */,
				CA9FF0771F4A397D006A5AD4 /* Release */,
			);
			defaultConfigurationIsVisible = 0;
			defaultConfigurationName = Release;
		};
		CA9FF0781F4A397D006A5AD4 /* Build configuration list for PBXNativeTarget "TwitterDemo" */ = {
			isa = XCConfigurationList;
			buildConfigurations = (
				CA9FF0791F4A397D006A5AD4 /* Debug */,
				CA9FF07A1F4A397D006A5AD4 /* Release */,
			);
			defaultConfigurationIsVisible = 0;
			defaultConfigurationName = Release;
		};
/* End XCConfigurationList section */
	};
	rootObject = CA9FF05E1F4A397D006A5AD4 /* Project object */;
}
